
Microsoft Visual Studio Solution File, Format Version 12.00
# Visual Studio Version 17
VisualStudioVersion = 17.8.34330.188
MinimumVisualStudioVersion = 10.0.40219.1
Project("{FAE04EC0-301F-11D3-BF4B-00C04F79EFBC}") = "Chat.API", "src\Chat.API\Chat.API.csproj", "{952186FC-076F-4E9F-8023-39B5292427EF}"
EndProject
Project("{FAE04EC0-301F-11D3-BF4B-00C04F79EFBC}") = "Chat.Client", "src\Chat.Client\Chat.Client.csproj", "{A8282354-B8E9-4026-A5FA-8123FA8D5F79}"
EndProject
Project("{FAE04EC0-301F-11D3-BF4B-00C04F79EFBC}") = "DTOs", "src\DTOs\DTOs.csproj", "{79699632-796D-487B-A090-12D8B064E67B}"
EndProject
Global
	GlobalSection(SolutionConfigurationPlatforms) = preSolution
		Debug|Any CPU = Debug|Any CPU
		Release|Any CPU = Release|Any CPU
	EndGlobalSection
	GlobalSection(ProjectConfigurationPlatforms) = postSolution
		{952186FC-076F-4E9F-8023-39B5292427EF}.Debug|Any CPU.ActiveCfg = Debug|Any CPU
		{952186FC-076F-4E9F-8023-39B5292427EF}.Debug|Any CPU.Build.0 = Debug|Any CPU
		{952186FC-076F-4E9F-8023-39B5292427EF}.Release|Any CPU.ActiveCfg = Release|Any CPU
		{952186FC-076F-4E9F-8023-39B5292427EF}.Release|Any CPU.Build.0 = Release|Any CPU
		{A8282354-B8E9-4026-A5FA-8123FA8D5F79}.Debug|Any CPU.ActiveCfg = Debug|Any CPU
		{A8282354-B8E9-4026-A5FA-8123FA8D5F79}.Debug|Any CPU.Build.0 = Debug|Any CPU
		{A8282354-B8E9-4026-A5FA-8123FA8D5F79}.Release|Any CPU.ActiveCfg = Release|Any CPU
		{A8282354-B8E9-4026-A5FA-8123FA8D5F79}.Release|Any CPU.Build.0 = Release|Any CPU
		{79699632-796D-487B-A090-12D8B064E67B}.Debug|Any CPU.ActiveCfg = Debug|Any CPU
		{79699632-796D-487B-A090-12D8B064E67B}.Debug|Any CPU.Build.0 = Debug|Any CPU
		{79699632-796D-487B-A090-12D8B064E67B}.Release|Any CPU.ActiveCfg = Release|Any CPU
		{79699632-796D-487B-A090-12D8B064E67B}.Release|Any CPU.Build.0 = Release|Any CPU
	EndGlobalSection
	GlobalSection(SolutionProperties) = preSolution
		HideSolutionNode = FALSE
	EndGlobalSection
	GlobalSection(ExtensibilityGlobals) = postSolution
		SolutionGuid = {711421B8-CD41-4E23-9752-86DCA181C441}
	EndGlobalSection
EndGlobal
